
Microsoft Visual Studio Solution File, Format Version 12.00
# Visual Studio Version 17
VisualStudioVersion = 17.4.33213.308
MinimumVisualStudioVersion = 10.0.40219.1
Project("{FAE04EC0-301F-11D3-BF4B-00C04F79EFBC}") = "Timer_v2", "Timer_v2\Timer_v2.csproj", "{751347F7-DB47-4069-9CE0-5D45FAD1C1C6}"
EndProject
Global
	GlobalSection(SolutionConfigurationPlatforms) = preSolution
		Debug|Any CPU = Debug|Any CPU
		Release|Any CPU = Release|Any CPU
	EndGlobalSection
	GlobalSection(ProjectConfigurationPlatforms) = postSolution
		{751347F7-DB47-4069-9CE0-5D45FAD1C1C6}.Debug|Any CPU.ActiveCfg = Debug|Any CPU
		{751347F7-DB47-4069-9CE0-5D45FAD1C1C6}.Debug|Any CPU.Build.0 = Debug|Any CPU
		{751347F7-DB47-4069-9CE0-5D45FAD1C1C6}.Release|Any CPU.ActiveCfg = Release|Any CPU
		{751347F7-DB47-4069-9CE0-5D45FAD1C1C6}.Release|Any CPU.Build.0 = Release|Any CPU
	EndGlobalSection
	GlobalSection(SolutionProperties) = preSolution
		HideSolutionNode = FALSE
	EndGlobalSection
	GlobalSection(ExtensibilityGlobals) = postSolution
		SolutionGuid = {91F55F26-4431-4713-BAE8-1412DBA5989C}
	EndGlobalSection
EndGlobal
